{
  "name": "@kevlns/art-workshop",
  "version": "0.2.1",
  "lockfileVersion": 3,
  "requires": true,
  "packages": {
    "": {
      "name": "@kevlns/art-workshop",
      "version": "0.2.1",
      "hasInstallScript": true,
      "license": "MIT",
      "bin": {
        "art-workshop": "art-workshop.mjs"
      },
      "engines": {
        "node": ">=20"
      }
    }
  }
}
